
Microsoft Visual Studio Solution File, Format Version 12.00
# Visual Studio Version 17
VisualStudioVersion = 17.10.34928.147
MinimumVisualStudioVersion = 10.0.40219.1
Project("{FAE04EC0-301F-11D3-BF4B-00C04F79EFBC}") = "EntitySession02", "EntitySession02\EntitySession02.csproj", "{F5B93CF9-FF01-4F2B-B18B-E6B6A0CF26B9}"
EndProject
Global
	GlobalSection(SolutionConfigurationPlatforms) = preSolution
		Debug|Any CPU = Debug|Any CPU
		Release|Any CPU = Release|Any CPU
	EndGlobalSection
	GlobalSection(ProjectConfigurationPlatforms) = postSolution
		{F5B93CF9-FF01-4F2B-B18B-E6B6A0CF26B9}.Debug|Any CPU.ActiveCfg = Debug|Any CPU
		{F5B93CF9-FF01-4F2B-B18B-E6B6A0CF26B9}.Debug|Any CPU.Build.0 = Debug|Any CPU
		{F5B93CF9-FF01-4F2B-B18B-E6B6A0CF26B9}.Release|Any CPU.ActiveCfg = Release|Any CPU
		{F5B93CF9-FF01-4F2B-B18B-E6B6A0CF26B9}.Release|Any CPU.Build.0 = Release|Any CPU
	EndGlobalSection
	GlobalSection(SolutionProperties) = preSolution
		HideSolutionNode = FALSE
	EndGlobalSection
	GlobalSection(ExtensibilityGlobals) = postSolution
		SolutionGuid = {641998A8-E8CB-4934-98C8-8F7ADBB2AC75}
	EndGlobalSection
EndGlobal
